// !$*UTF8*$!
{
	archiveVersion = 1;
	classes = {
	};
	objectVersion = 55;
	objects = {

/* Begin PBXBuildFile section */
		A3086B142849EBC7004B36CE /* CombineExample2App.swift in Sources */ = {isa = PBXBuildFile; fileRef = A3086B132849EBC7004B36CE /* CombineExample2App.swift */; };
		A3086B162849EBC7004B36CE /* ContentView.swift in Sources */ = {isa = PBXBuildFile; fileRef = A3086B152849EBC7004B36CE /* ContentView.swift */; };
		A3086B182849EBC9004B36CE /* Assets.xcassets in Resources */ = {isa = PBXBuildFile; fileRef = A3086B172849EBC9004B36CE /* Assets.xcassets */; };
		A3086B1B2849EBC9004B36CE /* Preview Assets.xcassets in Resources */ = {isa = PBXBuildFile; fileRef = A3086B1A2849EBC9004B36CE /* Preview Assets.xcassets */; };
		A3086B232849EC47004B36CE /* UserViewModel.swift in Sources */ = {isa = PBXBuildFile; fileRef = A3086B222849EC47004B36CE /* UserViewModel.swift */; };
		A3086B26284A0D88004B36CE /* Navajo-Swift in Frameworks */ = {isa = PBXBuildFile; productRef = A3086B25284A0D88004B36CE /* Navajo-Swift */; };
		A3086B29284A0F67004B36CE /* PasswordStatus.swift in Sources */ = {isa = PBXBuildFile; fileRef = A3086B28284A0F67004B36CE /* PasswordStatus.swift */; };
/* End PBXBuildFile section */

/* Begin PBXFileReference section */
		A3086B102849EBC7004B36CE /* CombineExample2.app */ = {isa = PBXFileReference; explicitFileType = wrapper.application; includeInIndex = 0; path = CombineExample2.app; sourceTree = BUILT_PRODUCTS_DIR; };
		A3086B132849EBC7004B36CE /* CombineExample2App.swift */ = {isa = PBXFileReference; lastKnownFileType = sourcecode.swift; path = CombineExample2App.swift; sourceTree = "<group>"; };
		A3086B152849EBC7004B36CE /* ContentView.swift */ = {isa = PBXFileReference; lastKnownFileType = sourcecode.swift; path = ContentView.swift; sourceTree = "<group>"; };
		A3086B172849EBC9004B36CE /* Assets.xcassets */ = {isa = PBXFileReference; lastKnownFileType = folder.assetcatalog; path = Assets.xcassets; sourceTree = "<group>"; };
		A3086B1A2849EBC9004B36CE /* Preview Assets.xcassets */ = {isa = PBXFileReference; lastKnownFileType = folder.assetcatalog; path = "Preview Assets.xcassets"; sourceTree = "<group>"; };
		A3086B222849EC47004B36CE /* UserViewModel.swift */ = {isa = PBXFileReference; lastKnownFileType = sourcecode.swift; path = UserViewModel.swift; sourceTree = "<group>"; };
		A3086B28284A0F67004B36CE /* PasswordStatus.swift */ = {isa = PBXFileReference; lastKnownFileType = sourcecode.swift; path = PasswordStatus.swift; sourceTree = "<group>"; };
/* End PBXFileReference section */

/* Begin PBXFrameworksBuildPhase section */
		A3086B0D2849EBC7004B36CE /* Frameworks */ = {
			isa = PBXFrameworksBuildPhase;
			buildActionMask = 2147483647;
			files = (
				A3086B26284A0D88004B36CE /* Navajo-Swift in Frameworks */,
			);
			runOnlyForDeploymentPostprocessing = 0;
		};
/* End PBXFrameworksBuildPhase section */

/* Begin PBXGroup section */
		A3086B072849EBC7004B36CE = {
			isa = PBXGroup;
			children = (
				A3086B122849EBC7004B36CE /* CombineExample2 */,
				A3086B112849EBC7004B36CE /* Products */,
			);
			sourceTree = "<group>";
		};
		A3086B112849EBC7004B36CE /* Products */ = {
			isa = PBXGroup;
			children = (
				A3086B102849EBC7004B36CE /* CombineExample2.app */,
			);
			name = Products;
			sourceTree = "<group>";
		};
		A3086B122849EBC7004B36CE /* CombineExample2 */ = {
			isa = PBXGroup;
			children = (
				A3086B27284A0F49004B36CE /* Helpers */,
				A3086B212849EC2C004B36CE /* ViewModels */,
				A3086B132849EBC7004B36CE /* CombineExample2App.swift */,
				A3086B152849EBC7004B36CE /* ContentView.swift */,
				A3086B172849EBC9004B36CE /* Assets.xcassets */,
				A3086B192849EBC9004B36CE /* Preview Content */,
			);
			path = CombineExample2;
			sourceTree = "<group>";
		};
		A3086B192849EBC9004B36CE /* Preview Content */ = {
			isa = PBXGroup;
			children = (
				A3086B1A2849EBC9004B36CE /* Preview Assets.xcassets */,
			);
			path = "Preview Content";
			sourceTree = "<group>";
		};
		A3086B212849EC2C004B36CE /* ViewModels */ = {
			isa = PBXGroup;
			children = (
				A3086B222849EC47004B36CE /* UserViewModel.swift */,
			);
			path = ViewModels;
			sourceTree = "<group>";
		};
		A3086B27284A0F49004B36CE /* Helpers */ = {
			isa = PBXGroup;
			children = (
				A3086B28284A0F67004B36CE /* PasswordStatus.swift */,
			);
			path = Helpers;
			sourceTree = "<group>";
		};
/* End PBXGroup section */

/* Begin PBXNativeTarget section */
		A3086B0F2849EBC7004B36CE /* CombineExample2 */ = {
			isa = PBXNativeTarget;
			buildConfigurationList = A3086B1E2849EBC9004B36CE /* Build configuration list for PBXNativeTarget "CombineExample2" */;
			buildPhases = (
				A3086B0C2849EBC7004B36CE /* Sources */,
				A3086B0D2849EBC7004B36CE /* Frameworks */,
				A3086B0E2849EBC7004B36CE /* Resources */,
			);
			buildRules = (
			);
			dependencies = (
			);
			name = CombineExample2;
			packageProductDependencies = (
				A3086B25284A0D88004B36CE /* Navajo-Swift */,
			);
			productName = CombineExample2;
			productReference = A3086B102849EBC7004B36CE /* CombineExample2.app */;
			productType = "com.apple.product-type.application";
		};
/* End PBXNativeTarget section */

/* Begin PBXProject section */
		A3086B082849EBC7004B36CE /* Project object */ = {
			isa = PBXProject;
			attributes = {
				BuildIndependentTargetsInParallel = 1;
				LastSwiftUpdateCheck = 1340;
				LastUpgradeCheck = 1340;
				TargetAttributes = {
					A3086B0F2849EBC7004B36CE = {
						CreatedOnToolsVersion = 13.4;
					};
				};
			};
			buildConfigurationList = A3086B0B2849EBC7004B36CE /* Build configuration list for PBXProject "CombineExample2" */;
			compatibilityVersion = "Xcode 13.0";
			developmentRegion = en;
			hasScannedForEncodings = 0;
			knownRegions = (
				en,
				Base,
			);
			mainGroup = A3086B072849EBC7004B36CE;
			packageReferences = (
				A3086B24284A0D88004B36CE /* XCRemoteSwiftPackageReference "Navajo-Swift" */,
			);
			productRefGroup = A3086B112849EBC7004B36CE /* Products */;
			projectDirPath = "";
			projectRoot = "";
			targets = (
				A3086B0F2849EBC7004B36CE /* CombineExample2 */,
			);
		};
/* End PBXProject section */

/* Begin PBXResourcesBuildPhase section */
		A3086B0E2849EBC7004B36CE /* Resources */ = {
			isa = PBXResourcesBuildPhase;
			buildActionMask = 2147483647;
			files = (
				A3086B1B2849EBC9004B36CE /* Preview Assets.xcassets in Resources */,
				A3086B182849EBC9004B36CE /* Assets.xcassets in Resources */,
			);
			runOnlyForDeploymentPostprocessing = 0;
		};
/* End PBXResourcesBuildPhase section */

/* Begin PBXSourcesBuildPhase section */
		A3086B0C2849EBC7004B36CE /* Sources */ = {
			isa = PBXSourcesBuildPhase;
			buildActionMask = 2147483647;
			files = (
				A3086B162849EBC7004B36CE /* ContentView.swift in Sources */,
				A3086B232849EC47004B36CE /* UserViewModel.swift in Sources */,
				A3086B142849EBC7004B36CE /* CombineExample2App.swift in Sources */,
				A3086B29284A0F67004B36CE /* PasswordStatus.swift in Sources */,
			);
			runOnlyForDeploymentPostprocessing = 0;
		};
/* End PBXSourcesBuildPhase section */

/* Begin XCBuildConfiguration section */
		A3086B1C2849EBC9004B36CE /* Debug */ = {
			isa = XCBuildConfiguration;
			buildSettings = {
				ALWAYS_SEARCH_USER_PATHS = NO;
				CLANG_ANALYZER_NONNULL = YES;
				CLANG_ANALYZER_NUMBER_OBJECT_CONVERSION = YES_AGGRESSIVE;
				CLANG_CXX_LANGUAGE_STANDARD = "gnu++17";
				CLANG_ENABLE_MODULES = YES;
				CLANG_ENABLE_OBJC_ARC = YES;
				CLANG_ENABLE_OBJC_WEAK = YES;
				CLANG_WARN_BLOCK_CAPTURE_AUTORELEASING = YES;
				CLANG_WARN_BOOL_CONVERSION = YES;
				CLANG_WARN_COMMA = YES;
				CLANG_WARN_CONSTANT_CONVERSION = YES;
				CLANG_WARN_DEPRECATED_OBJC_IMPLEMENTATIONS = YES;
				CLANG_WARN_DIRECT_OBJC_ISA_USAGE = YES_ERROR;
				CLANG_WARN_DOCUMENTATION_COMMENTS = YES;
				CLANG_WARN_EMPTY_BODY = YES;
				CLANG_WARN_ENUM_CONVERSION = YES;
				CLANG_WARN_INFINITE_RECURSION = YES;
				CLANG_WARN_INT_CONVERSION = YES;
				CLANG_WARN_NON_LITERAL_NULL_CONVERSION = YES;
				CLANG_WARN_OBJC_IMPLICIT_RETAIN_SELF = YES;
				CLANG_WARN_OBJC_LITERAL_CONVERSION = YES;
				CLANG_WARN_OBJC_ROOT_CLASS = YES_ERROR;
				CLANG_WARN_QUOTED_INCLUDE_IN_FRAMEWORK_HEADER = YES;
				CLANG_WARN_RANGE_LOOP_ANALYSIS = YES;
				CLANG_WARN_STRICT_PROTOTYPES = YES;
				CLANG_WARN_SUSPICIOUS_MOVE = YES;
				CLANG_WARN_UNGUARDED_AVAILABILITY = YES_AGGRESSIVE;
				CLANG_WARN_UNREACHABLE_CODE = YES;
				CLANG_WARN__DUPLICATE_METHOD_MATCH = YES;
				COPY_PHASE_STRIP = NO;
				DEBUG_INFORMATION_FORMAT = dwarf;
				ENABLE_STRICT_OBJC_MSGSEND = YES;
				ENABLE_TESTABILITY = YES;
				GCC_C_LANGUAGE_STANDARD = gnu11;
				GCC_DYNAMIC_NO_PIC = NO;
				GCC_NO_COMMON_BLOCKS = YES;
				GCC_OPTIMIZATION_LEVEL = 0;
				GCC_PREPROCESSOR_DEFINITIONS = (
					"DEBUG=1",
					"$(inherited)",
				);
				GCC_WARN_64_TO_32_BIT_CONVERSION = YES;
				GCC_WARN_ABOUT_RETURN_TYPE = YES_ERROR;
				GCC_WARN_UNDECLARED_SELECTOR = YES;
				GCC_WARN_UNINITIALIZED_AUTOS = YES_AGGRESSIVE;
				GCC_WARN_UNUSED_FUNCTION = YES;
				GCC_WARN_UNUSED_VARIABLE = YES;
				IPHONEOS_DEPLOYMENT_TARGET = 15.5;
				MTL_ENABLE_DEBUG_INFO = INCLUDE_SOURCE;
				MTL_FAST_MATH = YES;
				ONLY_ACTIVE_ARCH = YES;
				SDKROOT = iphoneos;
				SWIFT_ACTIVE_COMPILATION_CONDITIONS = DEBUG;
				SWIFT_OPTIMIZATION_LEVEL = "-Onone";
			};
			name = Debug;
		};
		A3086B1D2849EBC9004B36CE /* Release */ = {
			isa = XCBuildConfiguration;
			buildSettings = {
				ALWAYS_SEARCH_USER_PATHS = NO;
				CLANG_ANALYZER_NONNULL = YES;
				CLANG_ANALYZER_NUMBER_OBJECT_CONVERSION = YES_AGGRESSIVE;
				CLANG_CXX_LANGUAGE_STANDARD = "gnu++17";
				CLANG_ENABLE_MODULES = YES;
				CLANG_ENABLE_OBJC_ARC = YES;
				CLANG_ENABLE_OBJC_WEAK = YES;
				CLANG_WARN_BLOCK_CAPTURE_AUTORELEASING = YES;
				CLANG_WARN_BOOL_CONVERSION = YES;
				CLANG_WARN_COMMA = YES;
				CLANG_WARN_CONSTANT_CONVERSION = YES;
				CLANG_WARN_DEPRECATED_OBJC_IMPLEMENTATIONS = YES;
				CLANG_WARN_DIRECT_OBJC_ISA_USAGE = YES_ERROR;
				CLANG_WARN_DOCUMENTATION_COMMENTS = YES;
				CLANG_WARN_EMPTY_BODY = YES;
				CLANG_WARN_ENUM_CONVERSION = YES;
				CLANG_WARN_INFINITE_RECURSION = YES;
				CLANG_WARN_INT_CONVERSION = YES;
				CLANG_WARN_NON_LITERAL_NULL_CONVERSION = YES;
				CLANG_WARN_OBJC_IMPLICIT_RETAIN_SELF = YES;
				CLANG_WARN_OBJC_LITERAL_CONVERSION = YES;
				CLANG_WARN_OBJC_ROOT_CLASS = YES_ERROR;
				CLANG_WARN_QUOTED_INCLUDE_IN_FRAMEWORK_HEADER = YES;
				CLANG_WARN_RANGE_LOOP_ANALYSIS = YES;
				CLANG_WARN_STRICT_PROTOTYPES = YES;
				CLANG_WARN_SUSPICIOUS_MOVE = YES;
				CLANG_WARN_UNGUARDED_AVAILABILITY = YES_AGGRESSIVE;
				CLANG_WARN_UNREACHABLE_CODE = YES;
				CLANG_WARN__DUPLICATE_METHOD_MATCH = YES;
				COPY_PHASE_STRIP = NO;
				DEBUG_INFORMATION_FORMAT = "dwarf-with-dsym";
				ENABLE_NS_ASSERTIONS = NO;
				ENABLE_STRICT_OBJC_MSGSEND = YES;
				GCC_C_LANGUAGE_STANDARD = gnu11;
				GCC_NO_COMMON_BLOCKS = YES;
				GCC_WARN_64_TO_32_BIT_CONVERSION = YES;
				GCC_WARN_ABOUT_RETURN_TYPE = YES_ERROR;
				GCC_WARN_UNDECLARED_SELECTOR = YES;
				GCC_WARN_UNINITIALIZED_AUTOS = YES_AGGRESSIVE;
				GCC_WARN_UNUSED_FUNCTION = YES;
				GCC_WARN_UNUSED_VARIABLE = YES;
				IPHONEOS_DEPLOYMENT_TARGET = 15.5;
				MTL_ENABLE_DEBUG_INFO = NO;
				MTL_FAST_MATH = YES;
				SDKROOT = iphoneos;
				SWIFT_COMPILATION_MODE = wholemodule;
				SWIFT_OPTIMIZATION_LEVEL = "-O";
				VALIDATE_PRODUCT = YES;
			};
			name = Release;
		};
		A3086B1F2849EBC9004B36CE /* Debug */ = {
			isa = XCBuildConfiguration;
			buildSettings = {
				ASSETCATALOG_COMPILER_APPICON_NAME = AppIcon;
				ASSETCATALOG_COMPILER_GLOBAL_ACCENT_COLOR_NAME = AccentColor;
				CODE_SIGN_STYLE = Automatic;
				CURRENT_PROJECT_VERSION = 1;
				DEVELOPMENT_ASSET_PATHS = "\"CombineExample2/Preview Content\"";
				DEVELOPMENT_TEAM = AYARG7CLYP;
				ENABLE_PREVIEWS = YES;
				GENERATE_INFOPLIST_FILE = YES;
				INFOPLIST_KEY_UIApplicationSceneManifest_Generation = YES;
				INFOPLIST_KEY_UIApplicationSupportsIndirectInputEvents = YES;
				INFOPLIST_KEY_UILaunchScreen_Generation = YES;
				INFOPLIST_KEY_UISupportedInterfaceOrientations_iPad = "UIInterfaceOrientationPortrait UIInterfaceOrientationPortraitUpsideDown UIInterfaceOrientationLandscapeLeft UIInterfaceOrientationLandscapeRight";
				INFOPLIST_KEY_UISupportedInterfaceOrientations_iPhone = "UIInterfaceOrientationPortrait UIInterfaceOrientationLandscapeLeft UIInterfaceOrientationLandscapeRight";
				LD_RUNPATH_SEARCH_PATHS = (
					"$(inherited)",
					"@executable_path/Frameworks",
				);
				MARKETING_VERSION = 1.0;
				PRODUCT_BUNDLE_IDENTIFIER = com.antonGorlov.CombineExample2;
				PRODUCT_NAME = "$(TARGET_NAME)";
				SWIFT_EMIT_LOC_STRINGS = YES;
				SWIFT_VERSION = 5.0;
				TARGETED_DEVICE_FAMILY = "1,2";
			};
			name = Debug;
		};
		A3086B202849EBC9004B36CE /* Release */ = {
			isa = XCBuildConfiguration;
			buildSettings = {
				ASSETCATALOG_COMPILER_APPICON_NAME = AppIcon;
				ASSETCATALOG_COMPILER_GLOBAL_ACCENT_COLOR_NAME = AccentColor;
				CODE_SIGN_STYLE = Automatic;
				CURRENT_PROJECT_VERSION = 1;
				DEVELOPMENT_ASSET_PATHS = "\"CombineExample2/Preview Content\"";
				DEVELOPMENT_TEAM = AYARG7CLYP;
				ENABLE_PREVIEWS = YES;
				GENERATE_INFOPLIST_FILE = YES;
				INFOPLIST_KEY_UIApplicationSceneManifest_Generation = YES;
				INFOPLIST_KEY_UIApplicationSupportsIndirectInputEvents = YES;
				INFOPLIST_KEY_UILaunchScreen_Generation = YES;
				INFOPLIST_KEY_UISupportedInterfaceOrientations_iPad = "UIInterfaceOrientationPortrait UIInterfaceOrientationPortraitUpsideDown UIInterfaceOrientationLandscapeLeft UIInterfaceOrientationLandscapeRight";
				INFOPLIST_KEY_UISupportedInterfaceOrientations_iPhone = "UIInterfaceOrientationPortrait UIInterfaceOrientationLandscapeLeft UIInterfaceOrientationLandscapeRight";
				LD_RUNPATH_SEARCH_PATHS = (
					"$(inherited)",
					"@executable_path/Frameworks",
				);
				MARKETING_VERSION = 1.0;
				PRODUCT_BUNDLE_IDENTIFIER = com.antonGorlov.CombineExample2;
				PRODUCT_NAME = "$(TARGET_NAME)";
				SWIFT_EMIT_LOC_STRINGS = YES;
				SWIFT_VERSION = 5.0;
				TARGETED_DEVICE_FAMILY = "1,2";
			};
			name = Release;
		};
/* End XCBuildConfiguration section */

/* Begin XCConfigurationList section */
		A3086B0B2849EBC7004B36CE /* Build configuration list for PBXProject "CombineExample2" */ = {
			isa = XCConfigurationList;
			buildConfigurations = (
				A3086B1C2849EBC9004B36CE /* Debug */,
				A3086B1D2849EBC9004B36CE /* Release */,
			);
			defaultConfigurationIsVisible = 0;
			defaultConfigurationName = Release;
		};
		A3086B1E2849EBC9004B36CE /* Build configuration list for PBXNativeTarget "CombineExample2" */ = {
			isa = XCConfigurationList;
			buildConfigurations = (
				A3086B1F2849EBC9004B36CE /* Debug */,
				A3086B202849EBC9004B36CE /* Release */,
			);
			defaultConfigurationIsVisible = 0;
			defaultConfigurationName = Release;
		};
/* End XCConfigurationList section */

/* Begin XCRemoteSwiftPackageReference section */
		A3086B24284A0D88004B36CE /* XCRemoteSwiftPackageReference "Navajo-Swift" */ = {
			isa = XCRemoteSwiftPackageReference;
			repositoryURL = "https://github.com/Wistas23/Navajo-Swift.git";
			requirement = {
				kind = upToNextMajorVersion;
				minimumVersion = 2.0.0;
			};
		};
/* End XCRemoteSwiftPackageReference section */

/* Begin XCSwiftPackageProductDependency section */
		A3086B25284A0D88004B36CE /* Navajo-Swift */ = {
			isa = XCSwiftPackageProductDependency;
			package = A3086B24284A0D88004B36CE /* XCRemoteSwiftPackageReference "Navajo-Swift" */;
			productName = "Navajo-Swift";
		};
/* End XCSwiftPackageProductDependency section */
	};
	rootObject = A3086B082849EBC7004B36CE /* Project object */;
}
